
Microsoft Visual Studio Solution File, Format Version 12.00
# Visual Studio Version 16
VisualStudioVersion = 16.0.31613.86
MinimumVisualStudioVersion = 10.0.40219.1
Project("{9A19103F-16F7-4668-BE54-9A1E7A4F7556}") = "movieapp_task_backend", "movie-app-task-backend\movieapp_task_backend.csproj", "{A8BF9BB2-73DE-4EC3-BDBD-DF67A9126DE9}"
EndProject
Project("{FAE04EC0-301F-11D3-BF4B-00C04F79EFBC}") = "UnitTests", "UnitTests\UnitTests.csproj", "{BBD0D77B-29DE-4F1E-B697-406370AADCDB}"
EndProject
Global
	GlobalSection(SolutionConfigurationPlatforms) = preSolution
		Debug|Any CPU = Debug|Any CPU
		Release|Any CPU = Release|Any CPU
	EndGlobalSection
	GlobalSection(ProjectConfigurationPlatforms) = postSolution
		{A8BF9BB2-73DE-4EC3-BDBD-DF67A9126DE9}.Debug|Any CPU.ActiveCfg = Debug|Any CPU
		{A8BF9BB2-73DE-4EC3-BDBD-DF67A9126DE9}.Debug|Any CPU.Build.0 = Debug|Any CPU
		{A8BF9BB2-73DE-4EC3-BDBD-DF67A9126DE9}.Release|Any CPU.ActiveCfg = Release|Any CPU
		{A8BF9BB2-73DE-4EC3-BDBD-DF67A9126DE9}.Release|Any CPU.Build.0 = Release|Any CPU
		{BBD0D77B-29DE-4F1E-B697-406370AADCDB}.Debug|Any CPU.ActiveCfg = Debug|Any CPU
		{BBD0D77B-29DE-4F1E-B697-406370AADCDB}.Debug|Any CPU.Build.0 = Debug|Any CPU
		{BBD0D77B-29DE-4F1E-B697-406370AADCDB}.Release|Any CPU.ActiveCfg = Release|Any CPU
		{BBD0D77B-29DE-4F1E-B697-406370AADCDB}.Release|Any CPU.Build.0 = Release|Any CPU
	EndGlobalSection
	GlobalSection(SolutionProperties) = preSolution
		HideSolutionNode = FALSE
	EndGlobalSection
	GlobalSection(ExtensibilityGlobals) = postSolution
		SolutionGuid = {6793197E-AD88-401F-A891-16C063FDC5A5}
	EndGlobalSection
EndGlobal
